
Microsoft Visual Studio Solution File, Format Version 12.00
# Visual Studio 15
VisualStudioVersion = 15.0.25618.0
MinimumVisualStudioVersion = 10.0.40219.1
Project("{FAE04EC0-301F-11D3-BF4B-00C04F79EFBC}") = "ClearDirectory", "ClearDirectory\ClearDirectory.csproj", "{8917AAA3-2232-4C88-8B76-FBB16AEE054B}"
EndProject
Project("{2150E333-8FDC-42A3-9474-1A3956D46DE8}") = "Solution Items", "Solution Items", "{A923EE64-AEF1-4841-A860-873F3610E90D}"
	ProjectSection(SolutionItems) = preProject
		LICENSE = LICENSE
	EndProjectSection
EndProject
Global
	GlobalSection(SolutionConfigurationPlatforms) = preSolution
		Debug|Any CPU = Debug|Any CPU
		Debug|x86 = Debug|x86
		Release|Any CPU = Release|Any CPU
		Release|x86 = Release|x86
	EndGlobalSection
	GlobalSection(ProjectConfigurationPlatforms) = postSolution
		{8917AAA3-2232-4C88-8B76-FBB16AEE054B}.Debug|Any CPU.ActiveCfg = Debug|Any CPU
		{8917AAA3-2232-4C88-8B76-FBB16AEE054B}.Debug|Any CPU.Build.0 = Debug|Any CPU
		{8917AAA3-2232-4C88-8B76-FBB16AEE054B}.Debug|x86.ActiveCfg = Debug|x86
		{8917AAA3-2232-4C88-8B76-FBB16AEE054B}.Debug|x86.Build.0 = Debug|x86
		{8917AAA3-2232-4C88-8B76-FBB16AEE054B}.Release|Any CPU.ActiveCfg = Release|Any CPU
		{8917AAA3-2232-4C88-8B76-FBB16AEE054B}.Release|Any CPU.Build.0 = Release|Any CPU
		{8917AAA3-2232-4C88-8B76-FBB16AEE054B}.Release|x86.ActiveCfg = Release|x86
		{8917AAA3-2232-4C88-8B76-FBB16AEE054B}.Release|x86.Build.0 = Release|x86
	EndGlobalSection
	GlobalSection(SolutionProperties) = preSolution
		HideSolutionNode = FALSE
	EndGlobalSection
EndGlobal
